# This file is automatically @generated by Poetry 1.8.5 and should not be changed by hand.

[[package]]
name = "tinygrad"
version = "0.10.0"
description = "You like pytorch? You like micrograd? You love tinygrad! <3"
optional = false
python-versions = ">=3.10"
files = [
    {file = "tinygrad-0.10.0-py3-none-any.whl", hash = "sha256:d2c02b67e704ead674ff045b55bb6cd6ee179e0980071f9b5552ea90323c7674"},
    {file = "tinygrad-0.10.0.tar.gz", hash = "sha256:24412219a1467c49892b35e61f283f5992b128539e90743df465af33408e73e7"},
]

[package.extras]
arm = ["unicorn"]
docs = ["black", "markdown-callouts", "markdown-exec[ansi]", "mkdocs", "mkdocs-material", "mkdocstrings[python]", "numpy"]
linting = ["mypy (==1.11.2)", "pre-commit", "pylint", "ruff", "types-tqdm", "typing-extensions"]
llvm = ["llvmlite"]
testing = ["blobfile", "bottle", "ggml-python", "hypothesis", "librosa", "networkx", "nibabel", "numpy", "onnx (==1.16.0)", "onnx2torch", "opencv-python", "pillow", "pytest", "pytest-xdist", "safetensors", "sentencepiece", "tabulate", "tiktoken", "torch", "tqdm", "transformers"]
testing-tf = ["tensorflow (==2.15.1)", "tensorflow-addons"]
triton = ["triton-nightly (>=2.1.0.dev20231014192330)"]

[metadata]
lock-version = "2.0"
python-versions = "^3.10"
content-hash = "713ca0ebb60942934143be65868df498c06d620025c479033ba8cfdb26afe592"
